
Microsoft Visual Studio Solution File, Format Version 12.00
# Visual Studio Version 16
VisualStudioVersion = 16.0.28803.202
MinimumVisualStudioVersion = 10.0.40219.1
Project("{FAE04EC0-301F-11D3-BF4B-00C04F79EFBC}") = "01-ByteBank", "01-ByteBank\01-ByteBank.csproj", "{C7990820-9604-442A-B376-B566E5BDEA23}"
EndProject
Global
	GlobalSection(SolutionConfigurationPlatforms) = preSolution
		Debug|Any CPU = Debug|Any CPU
		Release|Any CPU = Release|Any CPU
	EndGlobalSection
	GlobalSection(ProjectConfigurationPlatforms) = postSolution
		{C7990820-9604-442A-B376-B566E5BDEA23}.Debug|Any CPU.ActiveCfg = Debug|Any CPU
		{C7990820-9604-442A-B376-B566E5BDEA23}.Debug|Any CPU.Build.0 = Debug|Any CPU
		{C7990820-9604-442A-B376-B566E5BDEA23}.Release|Any CPU.ActiveCfg = Release|Any CPU
		{C7990820-9604-442A-B376-B566E5BDEA23}.Release|Any CPU.Build.0 = Release|Any CPU
	EndGlobalSection
	GlobalSection(SolutionProperties) = preSolution
		HideSolutionNode = FALSE
	EndGlobalSection
	GlobalSection(ExtensibilityGlobals) = postSolution
		SolutionGuid = {C09CAE1B-EFA8-407A-A58B-FF7CE19DE1BE}
	EndGlobalSection
EndGlobal
